{
  "name": "form-of-generator",
  "version": "1.0.0",
  "lockfileVersion": 1,
  "requires": true,
  "dependencies": {
    "vue-router": {
      "version": "3.5.3",
      "resolved": "http://npmjs.cmzhfe.com/vue-router/-/vue-router-3.5.3.tgz",
      "integrity": "sha1-BBBIBT4zaCnQXa+s9qj7ZpoueZk="
    }
  }
}
